// !$*UTF8*$!
{
	archiveVersion = 1;
	classes = {
	};
	objectVersion = 50;
	objects = {

/* Begin PBXBuildFile section */
		02009C82DE85A86C5039A1A1 /* Pods_TruthOrDareTests.framework in Frameworks */ = {isa = PBXBuildFile; fileRef = 27FDA3FD84B9F77CC377E5A0 /* Pods_TruthOrDareTests.framework */; };
		27E1AD1E481CDF3439D72AD4 /* Pods_TruthOrDare.framework in Frameworks */ = {isa = PBXBuildFile; fileRef = CB5FE35F224C767E58567EB6 /* Pods_TruthOrDare.framework */; };
		92656F0222871F6C00C826E3 /* appicon.png in Resources */ = {isa = PBXBuildFile; fileRef = 92656F0122871F6C00C826E3 /* appicon.png */; };
		92656F1622899AE600C826E3 /* GoogleService-Info.plist in Resources */ = {isa = PBXBuildFile; fileRef = 92656F1522899AE500C826E3 /* GoogleService-Info.plist */; };
		92656F1722899AE600C826E3 /* GoogleService-Info.plist in Resources */ = {isa = PBXBuildFile; fileRef = 92656F1522899AE500C826E3 /* GoogleService-Info.plist */; };
		92656F1822899AE600C826E3 /* GoogleService-Info.plist in Resources */ = {isa = PBXBuildFile; fileRef = 92656F1522899AE500C826E3 /* GoogleService-Info.plist */; };
		92A54D1022917DA70058A1EB /* InstructionsViewController.swift in Sources */ = {isa = PBXBuildFile; fileRef = 92A54D0F22917DA60058A1EB /* InstructionsViewController.swift */; };
		92CB2165228507C600C76F05 /* AppDelegate.swift in Sources */ = {isa = PBXBuildFile; fileRef = 92CB2164228507C600C76F05 /* AppDelegate.swift */; };
		92CB216A228507C700C76F05 /* Main.storyboard in Resources */ = {isa = PBXBuildFile; fileRef = 92CB2168228507C700C76F05 /* Main.storyboard */; };
		92CB216C228507D400C76F05 /* Assets.xcassets in Resources */ = {isa = PBXBuildFile; fileRef = 92CB216B228507D400C76F05 /* Assets.xcassets */; };
		92CB216F228507D400C76F05 /* LaunchScreen.storyboard in Resources */ = {isa = PBXBuildFile; fileRef = 92CB216D228507D400C76F05 /* LaunchScreen.storyboard */; };
		92CB217A228507D600C76F05 /* TruthOrDareTests.swift in Sources */ = {isa = PBXBuildFile; fileRef = 92CB2179228507D600C76F05 /* TruthOrDareTests.swift */; };
		92CB2185228507D600C76F05 /* TruthOrDareUITests.swift in Sources */ = {isa = PBXBuildFile; fileRef = 92CB2184228507D600C76F05 /* TruthOrDareUITests.swift */; };
		92CB21932285099900C76F05 /* MenuViewController.swift in Sources */ = {isa = PBXBuildFile; fileRef = 92CB21922285099900C76F05 /* MenuViewController.swift */; };
		92CB219522850CCA00C76F05 /* PlayerPickerViewController.swift in Sources */ = {isa = PBXBuildFile; fileRef = 92CB219422850CCA00C76F05 /* PlayerPickerViewController.swift */; };
		92CB219722850D7F00C76F05 /* GameViewController.swift in Sources */ = {isa = PBXBuildFile; fileRef = 92CB219622850D7F00C76F05 /* GameViewController.swift */; };
		92CB2199228513CD00C76F05 /* EnterNamesViewController.swift in Sources */ = {isa = PBXBuildFile; fileRef = 92CB2198228513CC00C76F05 /* EnterNamesViewController.swift */; };
		CAA7698EE7A5E8205CB53E3E /* Pods_TruthOrDareUITests.framework in Frameworks */ = {isa = PBXBuildFile; fileRef = 9D292554009CF03C0BF37AF8 /* Pods_TruthOrDareUITests.framework */; };
/* End PBXBuildFile section */

/* Begin PBXContainerItemProxy section */
		92CB2176228507D600C76F05 /* PBXContainerItemProxy */ = {
			isa = PBXContainerItemProxy;
			containerPortal = 92CB2159228507C600C76F05 /* Project object */;
			proxyType = 1;
			remoteGlobalIDString = 92CB2160228507C600C76F05;
			remoteInfo = TruthOrDare;
		};
		92CB2181228507D600C76F05 /* PBXContainerItemProxy */ = {
			isa = PBXContainerItemProxy;
			containerPortal = 92CB2159228507C600C76F05 /* Project object */;
			proxyType = 1;
			remoteGlobalIDString = 92CB2160228507C600C76F05;
			remoteInfo = TruthOrDare;
		};
/* End PBXContainerItemProxy section */

/* Begin PBXFileReference section */
		16E483CA47A0DCB58ED7D13A /* Pods-TruthOrDareTests.debug.xcconfig */ = {isa = PBXFileReference; includeInIndex = 1; lastKnownFileType = text.xcconfig; name = "Pods-TruthOrDareTests.debug.xcconfig"; path = "Pods/Target Support Files/Pods-TruthOrDareTests/Pods-TruthOrDareTests.debug.xcconfig"; sourceTree = "<group>"; };
		27FDA3FD84B9F77CC377E5A0 /* Pods_TruthOrDareTests.framework */ = {isa = PBXFileReference; explicitFileType = wrapper.framework; includeInIndex = 0; path = Pods_TruthOrDareTests.framework; sourceTree = BUILT_PRODUCTS_DIR; };
		311344AA57E58C455970A276 /* Pods-TruthOrDareTests.release.xcconfig */ = {isa = PBXFileReference; includeInIndex = 1; lastKnownFileType = text.xcconfig; name = "Pods-TruthOrDareTests.release.xcconfig"; path = "Pods/Target Support Files/Pods-TruthOrDareTests/Pods-TruthOrDareTests.release.xcconfig"; sourceTree = "<group>"; };
		3BFE52A5717481B968FD1F9E /* Pods-TruthOrDare.debug.xcconfig */ = {isa = PBXFileReference; includeInIndex = 1; lastKnownFileType = text.xcconfig; name = "Pods-TruthOrDare.debug.xcconfig"; path = "Pods/Target Support Files/Pods-TruthOrDare/Pods-TruthOrDare.debug.xcconfig"; sourceTree = "<group>"; };
		648E106A98BC84F17F7D86D0 /* Pods-TruthOrDare.release.xcconfig */ = {isa = PBXFileReference; includeInIndex = 1; lastKnownFileType = text.xcconfig; name = "Pods-TruthOrDare.release.xcconfig"; path = "Pods/Target Support Files/Pods-TruthOrDare/Pods-TruthOrDare.release.xcconfig"; sourceTree = "<group>"; };
		727454D3E657CEFDA6FB132A /* Pods-TruthOrDareUITests.release.xcconfig */ = {isa = PBXFileReference; includeInIndex = 1; lastKnownFileType = text.xcconfig; name = "Pods-TruthOrDareUITests.release.xcconfig"; path = "Pods/Target Support Files/Pods-TruthOrDareUITests/Pods-TruthOrDareUITests.release.xcconfig"; sourceTree = "<group>"; };
		7BE5FCD43293F200B393530D /* Pods-TruthOrDareUITests.debug.xcconfig */ = {isa = PBXFileReference; includeInIndex = 1; lastKnownFileType = text.xcconfig; name = "Pods-TruthOrDareUITests.debug.xcconfig"; path = "Pods/Target Support Files/Pods-TruthOrDareUITests/Pods-TruthOrDareUITests.debug.xcconfig"; sourceTree = "<group>"; };
		92656F0122871F6C00C826E3 /* appicon.png */ = {isa = PBXFileReference; lastKnownFileType = image.png; path = appicon.png; sourceTree = "<group>"; };
		92656F1522899AE500C826E3 /* GoogleService-Info.plist */ = {isa = PBXFileReference; fileEncoding = 4; lastKnownFileType = text.plist.xml; path = "GoogleService-Info.plist"; sourceTree = "<group>"; };
		92A54D0F22917DA60058A1EB /* InstructionsViewController.swift */ = {isa = PBXFileReference; lastKnownFileType = sourcecode.swift; path = InstructionsViewController.swift; sourceTree = "<group>"; };
		92CB2161228507C600C76F05 /* TruthOrDare.app */ = {isa = PBXFileReference; explicitFileType = wrapper.application; includeInIndex = 0; path = TruthOrDare.app; sourceTree = BUILT_PRODUCTS_DIR; };
		92CB2164228507C600C76F05 /* AppDelegate.swift */ = {isa = PBXFileReference; lastKnownFileType = sourcecode.swift; path = AppDelegate.swift; sourceTree = "<group>"; };
		92CB2169228507C700C76F05 /* Base */ = {isa = PBXFileReference; lastKnownFileType = file.storyboard; name = Base; path = Base.lproj/Main.storyboard; sourceTree = "<group>"; };
		92CB216B228507D400C76F05 /* Assets.xcassets */ = {isa = PBXFileReference; lastKnownFileType = folder.assetcatalog; path = Assets.xcassets; sourceTree = "<group>"; };
		92CB216E228507D400C76F05 /* Base */ = {isa = PBXFileReference; lastKnownFileType = file.storyboard; name = Base; path = Base.lproj/LaunchScreen.storyboard; sourceTree = "<group>"; };
		92CB2170228507D400C76F05 /* Info.plist */ = {isa = PBXFileReference; lastKnownFileType = text.plist.xml; path = Info.plist; sourceTree = "<group>"; };
		92CB2175228507D600C76F05 /* TruthOrDareTests.xctest */ = {isa = PBXFileReference; explicitFileType = wrapper.cfbundle; includeInIndex = 0; path = TruthOrDareTests.xctest; sourceTree = BUILT_PRODUCTS_DIR; };
		92CB2179228507D600C76F05 /* TruthOrDareTests.swift */ = {isa = PBXFileReference; lastKnownFileType = sourcecode.swift; path = TruthOrDareTests.swift; sourceTree = "<group>"; };
		92CB217B228507D600C76F05 /* Info.plist */ = {isa = PBXFileReference; lastKnownFileType = text.plist.xml; path = Info.plist; sourceTree = "<group>"; };
		92CB2180228507D600C76F05 /* TruthOrDareUITests.xctest */ = {isa = PBXFileReference; explicitFileType = wrapper.cfbundle; includeInIndex = 0; path = TruthOrDareUITests.xctest; sourceTree = BUILT_PRODUCTS_DIR; };
		92CB2184228507D600C76F05 /* TruthOrDareUITests.swift */ = {isa = PBXFileReference; lastKnownFileType = sourcecode.swift; path = TruthOrDareUITests.swift; sourceTree = "<group>"; };
		92CB2186228507D600C76F05 /* Info.plist */ = {isa = PBXFileReference; lastKnownFileType = text.plist.xml; path = Info.plist; sourceTree = "<group>"; };
		92CB21922285099900C76F05 /* MenuViewController.swift */ = {isa = PBXFileReference; lastKnownFileType = sourcecode.swift; path = MenuViewController.swift; sourceTree = "<group>"; };
		92CB219422850CCA00C76F05 /* PlayerPickerViewController.swift */ = {isa = PBXFileReference; lastKnownFileType = sourcecode.swift; path = PlayerPickerViewController.swift; sourceTree = "<group>"; };
		92CB219622850D7F00C76F05 /* GameViewController.swift */ = {isa = PBXFileReference; lastKnownFileType = sourcecode.swift; path = GameViewController.swift; sourceTree = "<group>"; };
		92CB2198228513CC00C76F05 /* EnterNamesViewController.swift */ = {isa = PBXFileReference; lastKnownFileType = sourcecode.swift; path = EnterNamesViewController.swift; sourceTree = "<group>"; };
		9D292554009CF03C0BF37AF8 /* Pods_TruthOrDareUITests.framework */ = {isa = PBXFileReference; explicitFileType = wrapper.framework; includeInIndex = 0; path = Pods_TruthOrDareUITests.framework; sourceTree = BUILT_PRODUCTS_DIR; };
		CB5FE35F224C767E58567EB6 /* Pods_TruthOrDare.framework */ = {isa = PBXFileReference; explicitFileType = wrapper.framework; includeInIndex = 0; path = Pods_TruthOrDare.framework; sourceTree = BUILT_PRODUCTS_DIR; };
/* End PBXFileReference section */

/* Begin PBXFrameworksBuildPhase section */
		92CB215E228507C600C76F05 /* Frameworks */ = {
			isa = PBXFrameworksBuildPhase;
			buildActionMask = 2147483647;
			files = (
				27E1AD1E481CDF3439D72AD4 /* Pods_TruthOrDare.framework in Frameworks */,
			);
			runOnlyForDeploymentPostprocessing = 0;
		};
		92CB2172228507D600C76F05 /* Frameworks */ = {
			isa = PBXFrameworksBuildPhase;
			buildActionMask = 2147483647;
			files = (
				02009C82DE85A86C5039A1A1 /* Pods_TruthOrDareTests.framework in Frameworks */,
			);
			runOnlyForDeploymentPostprocessing = 0;
		};
		92CB217D228507D600C76F05 /* Frameworks */ = {
			isa = PBXFrameworksBuildPhase;
			buildActionMask = 2147483647;
			files = (
				CAA7698EE7A5E8205CB53E3E /* Pods_TruthOrDareUITests.framework in Frameworks */,
			);
			runOnlyForDeploymentPostprocessing = 0;
		};
/* End PBXFrameworksBuildPhase section */

/* Begin PBXGroup section */
		39D9E603BAE85833F14885D2 /* Pods */ = {
			isa = PBXGroup;
			children = (
				3BFE52A5717481B968FD1F9E /* Pods-TruthOrDare.debug.xcconfig */,
				648E106A98BC84F17F7D86D0 /* Pods-TruthOrDare.release.xcconfig */,
				16E483CA47A0DCB58ED7D13A /* Pods-TruthOrDareTests.debug.xcconfig */,
				311344AA57E58C455970A276 /* Pods-TruthOrDareTests.release.xcconfig */,
				7BE5FCD43293F200B393530D /* Pods-TruthOrDareUITests.debug.xcconfig */,
				727454D3E657CEFDA6FB132A /* Pods-TruthOrDareUITests.release.xcconfig */,
			);
			name = Pods;
			sourceTree = "<group>";
		};
		92CB2158228507C600C76F05 = {
			isa = PBXGroup;
			children = (
				92CB2163228507C600C76F05 /* TruthOrDare */,
				92CB2178228507D600C76F05 /* TruthOrDareTests */,
				92CB2183228507D600C76F05 /* TruthOrDareUITests */,
				92CB2162228507C600C76F05 /* Products */,
				39D9E603BAE85833F14885D2 /* Pods */,
				AF62CEE48FDC085F583735C6 /* Frameworks */,
			);
			sourceTree = "<group>";
		};
		92CB2162228507C600C76F05 /* Products */ = {
			isa = PBXGroup;
			children = (
				92CB2161228507C600C76F05 /* TruthOrDare.app */,
				92CB2175228507D600C76F05 /* TruthOrDareTests.xctest */,
				92CB2180228507D600C76F05 /* TruthOrDareUITests.xctest */,
			);
			name = Products;
			sourceTree = "<group>";
		};
		92CB2163228507C600C76F05 /* TruthOrDare */ = {
			isa = PBXGroup;
			children = (
				92656F1522899AE500C826E3 /* GoogleService-Info.plist */,
				92CB2164228507C600C76F05 /* AppDelegate.swift */,
				92CB2168228507C700C76F05 /* Main.storyboard */,
				92CB216B228507D400C76F05 /* Assets.xcassets */,
				92CB216D228507D400C76F05 /* LaunchScreen.storyboard */,
				92CB2170228507D400C76F05 /* Info.plist */,
				92656F0122871F6C00C826E3 /* appicon.png */,
				92CB21922285099900C76F05 /* MenuViewController.swift */,
				92CB219422850CCA00C76F05 /* PlayerPickerViewController.swift */,
				92CB219622850D7F00C76F05 /* GameViewController.swift */,
				92CB2198228513CC00C76F05 /* EnterNamesViewController.swift */,
				92A54D0F22917DA60058A1EB /* InstructionsViewController.swift */,
			);
			path = TruthOrDare;
			sourceTree = "<group>";
		};
		92CB2178228507D600C76F05 /* TruthOrDareTests */ = {
			isa = PBXGroup;
			children = (
				92CB2179228507D600C76F05 /* TruthOrDareTests.swift */,
				92CB217B228507D600C76F05 /* Info.plist */,
			);
			path = TruthOrDareTests;
			sourceTree = "<group>";
		};
		92CB2183228507D600C76F05 /* TruthOrDareUITests */ = {
			isa = PBXGroup;
			children = (
				92CB2184228507D600C76F05 /* TruthOrDareUITests.swift */,
				92CB2186228507D600C76F05 /* Info.plist */,
			);
			path = TruthOrDareUITests;
			sourceTree = "<group>";
		};
		AF62CEE48FDC085F583735C6 /* Frameworks */ = {
			isa = PBXGroup;
			children = (
				CB5FE35F224C767E58567EB6 /* Pods_TruthOrDare.framework */,
				27FDA3FD84B9F77CC377E5A0 /* Pods_TruthOrDareTests.framework */,
				9D292554009CF03C0BF37AF8 /* Pods_TruthOrDareUITests.framework */,
			);
			name = Frameworks;
			sourceTree = "<group>";
		};
/* End PBXGroup section */

/* Begin PBXNativeTarget section */
		92CB2160228507C600C76F05 /* TruthOrDare */ = {
			isa = PBXNativeTarget;
			buildConfigurationList = 92CB2189228507D600C76F05 /* Build configuration list for PBXNativeTarget "TruthOrDare" */;
			buildPhases = (
				B303B3B6D6DEB398B861252C /* [CP] Check Pods Manifest.lock */,
				92CB215D228507C600C76F05 /* Sources */,
				92CB215E228507C600C76F05 /* Frameworks */,
				92CB215F228507C600C76F05 /* Resources */,
				706FDF14F005FBC54BF0DF16 /* [CP] Embed Pods Frameworks */,
			);
			buildRules = (
			);
			dependencies = (
			);
			name = TruthOrDare;
			productName = TruthOrDare;
			productReference = 92CB2161228507C600C76F05 /* TruthOrDare.app */;
			productType = "com.apple.product-type.application";
		};
		92CB2174228507D600C76F05 /* TruthOrDareTests */ = {
			isa = PBXNativeTarget;
			buildConfigurationList = 92CB218C228507D600C76F05 /* Build configuration list for PBXNativeTarget "TruthOrDareTests" */;
			buildPhases = (
				8E09B4B472531B65CC2CA613 /* [CP] Check Pods Manifest.lock */,
				92CB2171228507D600C76F05 /* Sources */,
				92CB2172228507D600C76F05 /* Frameworks */,
				92CB2173228507D600C76F05 /* Resources */,
			);
			buildRules = (
			);
			dependencies = (
				92CB2177228507D600C76F05 /* PBXTargetDependency */,
			);
			name = TruthOrDareTests;
			productName = TruthOrDareTests;
			productReference = 92CB2175228507D600C76F05 /* TruthOrDareTests.xctest */;
			productType = "com.apple.product-type.bundle.unit-test";
		};
		92CB217F228507D600C76F05 /* TruthOrDareUITests */ = {
			isa = PBXNativeTarget;
			buildConfigurationList = 92CB218F228507D600C76F05 /* Build configuration list for PBXNativeTarget "TruthOrDareUITests" */;
			buildPhases = (
				2030A40EA861E76A5F8A4864 /* [CP] Check Pods Manifest.lock */,
				92CB217C228507D600C76F05 /* Sources */,
				92CB217D228507D600C76F05 /* Frameworks */,
				92CB217E228507D600C76F05 /* Resources */,
			);
			buildRules = (
			);
			dependencies = (
				92CB2182228507D600C76F05 /* PBXTargetDependency */,
			);
			name = TruthOrDareUITests;
			productName = TruthOrDareUITests;
			productReference = 92CB2180228507D600C76F05 /* TruthOrDareUITests.xctest */;
			productType = "com.apple.product-type.bundle.ui-testing";
		};
/* End PBXNativeTarget section */

/* Begin PBXProject section */
		92CB2159228507C600C76F05 /* Project object */ = {
			isa = PBXProject;
			attributes = {
				LastSwiftUpdateCheck = 1020;
				LastUpgradeCheck = 1020;
				ORGANIZATIONNAME = Anthony;
				TargetAttributes = {
					92CB2160228507C600C76F05 = {
						CreatedOnToolsVersion = 10.2;
					};
					92CB2174228507D600C76F05 = {
						CreatedOnToolsVersion = 10.2;
						TestTargetID = 92CB2160228507C600C76F05;
					};
					92CB217F228507D600C76F05 = {
						CreatedOnToolsVersion = 10.2;
						TestTargetID = 92CB2160228507C600C76F05;
					};
				};
			};
			buildConfigurationList = 92CB215C228507C600C76F05 /* Build configuration list for PBXProject "TruthOrDare" */;
			compatibilityVersion = "Xcode 9.3";
			developmentRegion = en;
			hasScannedForEncodings = 0;
			knownRegions = (
				en,
				Base,
			);
			mainGroup = 92CB2158228507C600C76F05;
			productRefGroup = 92CB2162228507C600C76F05 /* Products */;
			projectDirPath = "";
			projectRoot = "";
			targets = (
				92CB2160228507C600C76F05 /* TruthOrDare */,
				92CB2174228507D600C76F05 /* TruthOrDareTests */,
				92CB217F228507D600C76F05 /* TruthOrDareUITests */,
			);
		};
/* End PBXProject section */

/* Begin PBXResourcesBuildPhase section */
		92CB215F228507C600C76F05 /* Resources */ = {
			isa = PBXResourcesBuildPhase;
			buildActionMask = 2147483647;
			files = (
				92656F0222871F6C00C826E3 /* appicon.png in Resources */,
				92CB216F228507D400C76F05 /* LaunchScreen.storyboard in Resources */,
				92656F1622899AE600C826E3 /* GoogleService-Info.plist in Resources */,
				92CB216C228507D400C76F05 /* Assets.xcassets in Resources */,
				92CB216A228507C700C76F05 /* Main.storyboard in Resources */,
			);
			runOnlyForDeploymentPostprocessing = 0;
		};
		92CB2173228507D600C76F05 /* Resources */ = {
			isa = PBXResourcesBuildPhase;
			buildActionMask = 2147483647;
			files = (
				92656F1722899AE600C826E3 /* GoogleService-Info.plist in Resources */,
			);
			runOnlyForDeploymentPostprocessing = 0;
		};
		92CB217E228507D600C76F05 /* Resources */ = {
			isa = PBXResourcesBuildPhase;
			buildActionMask = 2147483647;
			files = (
				92656F1822899AE600C826E3 /* GoogleService-Info.plist in Resources */,
			);
			runOnlyForDeploymentPostprocessing = 0;
		};
/* End PBXResourcesBuildPhase section */

/* Begin PBXShellScriptBuildPhase section */
		2030A40EA861E76A5F8A4864 /* [CP] Check Pods Manifest.lock */ = {
			isa = PBXShellScriptBuildPhase;
			buildActionMask = 2147483647;
			files = (
			);
			inputFileListPaths = (
			);
			inputPaths = (
				"${PODS_PODFILE_DIR_PATH}/Podfile.lock",
				"${PODS_ROOT}/Manifest.lock",
			);
			name = "[CP] Check Pods Manifest.lock";
			outputFileListPaths = (
			);
			outputPaths = (
				"$(DERIVED_FILE_DIR)/Pods-TruthOrDareUITests-checkManifestLockResult.txt",
			);
			runOnlyForDeploymentPostprocessing = 0;
			shellPath = /bin/sh;
			shellScript = "diff \"${PODS_PODFILE_DIR_PATH}/Podfile.lock\" \"${PODS_ROOT}/Manifest.lock\" > /dev/null\nif [ $? != 0 ] ; then\n    # print error to STDERR\n    echo \"error: The sandbox is not in sync with the Podfile.lock. Run 'pod install' or update your CocoaPods installation.\" >&2\n    exit 1\nfi\n# This output is used by Xcode 'outputs' to avoid re-running this script phase.\necho \"SUCCESS\" > \"${SCRIPT_OUTPUT_FILE_0}\"\n";
			showEnvVarsInLog = 0;
		};
		706FDF14F005FBC54BF0DF16 /* [CP] Embed Pods Frameworks */ = {
			isa = PBXShellScriptBuildPhase;
			buildActionMask = 2147483647;
			files = (
			);
			inputFileListPaths = (
			);
			inputPaths = (
				"${SRCROOT}/Pods/Target Support Files/Pods-TruthOrDare/Pods-TruthOrDare-frameworks.sh",
				"${BUILT_PRODUCTS_DIR}/GoogleUtilities/GoogleUtilities.framework",
				"${BUILT_PRODUCTS_DIR}/nanopb/nanopb.framework",
			);
			name = "[CP] Embed Pods Frameworks";
			outputFileListPaths = (
			);
			outputPaths = (
				"${TARGET_BUILD_DIR}/${FRAMEWORKS_FOLDER_PATH}/GoogleUtilities.framework",
				"${TARGET_BUILD_DIR}/${FRAMEWORKS_FOLDER_PATH}/nanopb.framework",
			);
			runOnlyForDeploymentPostprocessing = 0;
			shellPath = /bin/sh;
			shellScript = "\"${SRCROOT}/Pods/Target Support Files/Pods-TruthOrDare/Pods-TruthOrDare-frameworks.sh\"\n";
			showEnvVarsInLog = 0;
		};
		8E09B4B472531B65CC2CA613 /* [CP] Check Pods Manifest.lock */ = {
			isa = PBXShellScriptBuildPhase;
			buildActionMask = 2147483647;
			files = (
			);
			inputFileListPaths = (
			);
			inputPaths = (
				"${PODS_PODFILE_DIR_PATH}/Podfile.lock",
				"${PODS_ROOT}/Manifest.lock",
			);
			name = "[CP] Check Pods Manifest.lock";
			outputFileListPaths = (
			);
			outputPaths = (
				"$(DERIVED_FILE_DIR)/Pods-TruthOrDareTests-checkManifestLockResult.txt",
			);
			runOnlyForDeploymentPostprocessing = 0;
			shellPath = /bin/sh;
			shellScript = "diff \"${PODS_PODFILE_DIR_PATH}/Podfile.lock\" \"${PODS_ROOT}/Manifest.lock\" > /dev/null\nif [ $? != 0 ] ; then\n    # print error to STDERR\n    echo \"error: The sandbox is not in sync with the Podfile.lock. Run 'pod install' or update your CocoaPods installation.\" >&2\n    exit 1\nfi\n# This output is used by Xcode 'outputs' to avoid re-running this script phase.\necho \"SUCCESS\" > \"${SCRIPT_OUTPUT_FILE_0}\"\n";
			showEnvVarsInLog = 0;
		};
		B303B3B6D6DEB398B861252C /* [CP] Check Pods Manifest.lock */ = {
			isa = PBXShellScriptBuildPhase;
			buildActionMask = 2147483647;
			files = (
			);
			inputFileListPaths = (
			);
			inputPaths = (
				"${PODS_PODFILE_DIR_PATH}/Podfile.lock",
				"${PODS_ROOT}/Manifest.lock",
			);
			name = "[CP] Check Pods Manifest.lock";
			outputFileListPaths = (
			);
			outputPaths = (
				"$(DERIVED_FILE_DIR)/Pods-TruthOrDare-checkManifestLockResult.txt",
			);
			runOnlyForDeploymentPostprocessing = 0;
			shellPath = /bin/sh;
			shellScript = "diff \"${PODS_PODFILE_DIR_PATH}/Podfile.lock\" \"${PODS_ROOT}/Manifest.lock\" > /dev/null\nif [ $? != 0 ] ; then\n    # print error to STDERR\n    echo \"error: The sandbox is not in sync with the Podfile.lock. Run 'pod install' or update your CocoaPods installation.\" >&2\n    exit 1\nfi\n# This output is used by Xcode 'outputs' to avoid re-running this script phase.\necho \"SUCCESS\" > \"${SCRIPT_OUTPUT_FILE_0}\"\n";
			showEnvVarsInLog = 0;
		};
/* End PBXShellScriptBuildPhase section */

/* Begin PBXSourcesBuildPhase section */
		92CB215D228507C600C76F05 /* Sources */ = {
			isa = PBXSourcesBuildPhase;
			buildActionMask = 2147483647;
			files = (
				92A54D1022917DA70058A1EB /* InstructionsViewController.swift in Sources */,
				92CB219722850D7F00C76F05 /* GameViewController.swift in Sources */,
				92CB2199228513CD00C76F05 /* EnterNamesViewController.swift in Sources */,
				92CB21932285099900C76F05 /* MenuViewController.swift in Sources */,
				92CB219522850CCA00C76F05 /* PlayerPickerViewController.swift in Sources */,
				92CB2165228507C600C76F05 /* AppDelegate.swift in Sources */,
			);
			runOnlyForDeploymentPostprocessing = 0;
		};
		92CB2171228507D600C76F05 /* Sources */ = {
			isa = PBXSourcesBuildPhase;
			buildActionMask = 2147483647;
			files = (
				92CB217A228507D600C76F05 /* TruthOrDareTests.swift in Sources */,
			);
			runOnlyForDeploymentPostprocessing = 0;
		};
		92CB217C228507D600C76F05 /* Sources */ = {
			isa = PBXSourcesBuildPhase;
			buildActionMask = 2147483647;
			files = (
				92CB2185228507D600C76F05 /* TruthOrDareUITests.swift in Sources */,
			);
			runOnlyForDeploymentPostprocessing = 0;
		};
/* End PBXSourcesBuildPhase section */

/* Begin PBXTargetDependency section */
		92CB2177228507D600C76F05 /* PBXTargetDependency */ = {
			isa = PBXTargetDependency;
			target = 92CB2160228507C600C76F05 /* TruthOrDare */;
			targetProxy = 92CB2176228507D600C76F05 /* PBXContainerItemProxy */;
		};
		92CB2182228507D600C76F05 /* PBXTargetDependency */ = {
			isa = PBXTargetDependency;
			target = 92CB2160228507C600C76F05 /* TruthOrDare */;
			targetProxy = 92CB2181228507D600C76F05 /* PBXContainerItemProxy */;
		};
/* End PBXTargetDependency section */

/* Begin PBXVariantGroup section */
		92CB2168228507C700C76F05 /* Main.storyboard */ = {
			isa = PBXVariantGroup;
			children = (
				92CB2169228507C700C76F05 /* Base */,
			);
			name = Main.storyboard;
			sourceTree = "<group>";
		};
		92CB216D228507D400C76F05 /* LaunchScreen.storyboard */ = {
			isa = PBXVariantGroup;
			children = (
				92CB216E228507D400C76F05 /* Base */,
			);
			name = LaunchScreen.storyboard;
			sourceTree = "<group>";
		};
/* End PBXVariantGroup section */

/* Begin XCBuildConfiguration section */
		92CB2187228507D600C76F05 /* Debug */ = {
			isa = XCBuildConfiguration;
			buildSettings = {
				ALWAYS_SEARCH_USER_PATHS = NO;
				CLANG_ANALYZER_NONNULL = YES;
				CLANG_ANALYZER_NUMBER_OBJECT_CONVERSION = YES_AGGRESSIVE;
				CLANG_CXX_LANGUAGE_STANDARD = "gnu++14";
				CLANG_CXX_LIBRARY = "libc++";
				CLANG_ENABLE_MODULES = YES;
				CLANG_ENABLE_OBJC_ARC = YES;
				CLANG_ENABLE_OBJC_WEAK = YES;
				CLANG_WARN_BLOCK_CAPTURE_AUTORELEASING = YES;
				CLANG_WARN_BOOL_CONVERSION = YES;
				CLANG_WARN_COMMA = YES;
				CLANG_WARN_CONSTANT_CONVERSION = YES;
				CLANG_WARN_DEPRECATED_OBJC_IMPLEMENTATIONS = YES;
				CLANG_WARN_DIRECT_OBJC_ISA_USAGE = YES_ERROR;
				CLANG_WARN_DOCUMENTATION_COMMENTS = YES;
				CLANG_WARN_EMPTY_BODY = YES;
				CLANG_WARN_ENUM_CONVERSION = YES;
				CLANG_WARN_INFINITE_RECURSION = YES;
				CLANG_WARN_INT_CONVERSION = YES;
				CLANG_WARN_NON_LITERAL_NULL_CONVERSION = YES;
				CLANG_WARN_OBJC_IMPLICIT_RETAIN_SELF = YES;
				CLANG_WARN_OBJC_LITERAL_CONVERSION = YES;
				CLANG_WARN_OBJC_ROOT_CLASS = YES_ERROR;
				CLANG_WARN_RANGE_LOOP_ANALYSIS = YES;
				CLANG_WARN_STRICT_PROTOTYPES = YES;
				CLANG_WARN_SUSPICIOUS_MOVE = YES;
				CLANG_WARN_UNGUARDED_AVAILABILITY = YES_AGGRESSIVE;
				CLANG_WARN_UNREACHABLE_CODE = YES;
				CLANG_WARN__DUPLICATE_METHOD_MATCH = YES;
				CODE_SIGN_IDENTITY = "iPhone Developer";
				COPY_PHASE_STRIP = NO;
				DEBUG_INFORMATION_FORMAT = dwarf;
				ENABLE_STRICT_OBJC_MSGSEND = YES;
				ENABLE_TESTABILITY = YES;
				GCC_C_LANGUAGE_STANDARD = gnu11;
				GCC_DYNAMIC_NO_PIC = NO;
				GCC_NO_COMMON_BLOCKS = YES;
				GCC_OPTIMIZATION_LEVEL = 0;
				GCC_PREPROCESSOR_DEFINITIONS = (
					"DEBUG=1",
					"$(inherited)",
				);
				GCC_WARN_64_TO_32_BIT_CONVERSION = YES;
				GCC_WARN_ABOUT_RETURN_TYPE = YES_ERROR;
				GCC_WARN_UNDECLARED_SELECTOR = YES;
				GCC_WARN_UNINITIALIZED_AUTOS = YES_AGGRESSIVE;
				GCC_WARN_UNUSED_FUNCTION = YES;
				GCC_WARN_UNUSED_VARIABLE = YES;
				IPHONEOS_DEPLOYMENT_TARGET = 12.2;
				MTL_ENABLE_DEBUG_INFO = INCLUDE_SOURCE;
				MTL_FAST_MATH = YES;
				ONLY_ACTIVE_ARCH = YES;
				SDKROOT = iphoneos;
				SWIFT_ACTIVE_COMPILATION_CONDITIONS = DEBUG;
				SWIFT_OPTIMIZATION_LEVEL = "-Onone";
			};
			name = Debug;
		};
		92CB2188228507D600C76F05 /* Release */ = {
			isa = XCBuildConfiguration;
			buildSettings = {
				ALWAYS_SEARCH_USER_PATHS = NO;
				CLANG_ANALYZER_NONNULL = YES;
				CLANG_ANALYZER_NUMBER_OBJECT_CONVERSION = YES_AGGRESSIVE;
				CLANG_CXX_LANGUAGE_STANDARD = "gnu++14";
				CLANG_CXX_LIBRARY = "libc++";
				CLANG_ENABLE_MODULES = YES;
				CLANG_ENABLE_OBJC_ARC = YES;
				CLANG_ENABLE_OBJC_WEAK = YES;
				CLANG_WARN_BLOCK_CAPTURE_AUTORELEASING = YES;
				CLANG_WARN_BOOL_CONVERSION = YES;
				CLANG_WARN_COMMA = YES;
				CLANG_WARN_CONSTANT_CONVERSION = YES;
				CLANG_WARN_DEPRECATED_OBJC_IMPLEMENTATIONS = YES;
				CLANG_WARN_DIRECT_OBJC_ISA_USAGE = YES_ERROR;
				CLANG_WARN_DOCUMENTATION_COMMENTS = YES;
				CLANG_WARN_EMPTY_BODY = YES;
				CLANG_WARN_ENUM_CONVERSION = YES;
				CLANG_WARN_INFINITE_RECURSION = YES;
				CLANG_WARN_INT_CONVERSION = YES;
				CLANG_WARN_NON_LITERAL_NULL_CONVERSION = YES;
				CLANG_WARN_OBJC_IMPLICIT_RETAIN_SELF = YES;
				CLANG_WARN_OBJC_LITERAL_CONVERSION = YES;
				CLANG_WARN_OBJC_ROOT_CLASS = YES_ERROR;
				CLANG_WARN_RANGE_LOOP_ANALYSIS = YES;
				CLANG_WARN_STRICT_PROTOTYPES = YES;
				CLANG_WARN_SUSPICIOUS_MOVE = YES;
				CLANG_WARN_UNGUARDED_AVAILABILITY = YES_AGGRESSIVE;
				CLANG_WARN_UNREACHABLE_CODE = YES;
				CLANG_WARN__DUPLICATE_METHOD_MATCH = YES;
				CODE_SIGN_IDENTITY = "iPhone Developer";
				COPY_PHASE_STRIP = NO;
				DEBUG_INFORMATION_FORMAT = "dwarf-with-dsym";
				ENABLE_NS_ASSERTIONS = NO;
				ENABLE_STRICT_OBJC_MSGSEND = YES;
				GCC_C_LANGUAGE_STANDARD = gnu11;
				GCC_NO_COMMON_BLOCKS = YES;
				GCC_WARN_64_TO_32_BIT_CONVERSION = YES;
				GCC_WARN_ABOUT_RETURN_TYPE = YES_ERROR;
				GCC_WARN_UNDECLARED_SELECTOR = YES;
				GCC_WARN_UNINITIALIZED_AUTOS = YES_AGGRESSIVE;
				GCC_WARN_UNUSED_FUNCTION = YES;
				GCC_WARN_UNUSED_VARIABLE = YES;
				IPHONEOS_DEPLOYMENT_TARGET = 12.2;
				MTL_ENABLE_DEBUG_INFO = NO;
				MTL_FAST_MATH = YES;
				SDKROOT = iphoneos;
				SWIFT_COMPILATION_MODE = wholemodule;
				SWIFT_OPTIMIZATION_LEVEL = "-O";
				VALIDATE_PRODUCT = YES;
			};
			name = Release;
		};
		92CB218A228507D600C76F05 /* Debug */ = {
			isa = XCBuildConfiguration;
			baseConfigurationReference = 3BFE52A5717481B968FD1F9E /* Pods-TruthOrDare.debug.xcconfig */;
			buildSettings = {
				ASSETCATALOG_COMPILER_APPICON_NAME = AppIcon;
				CODE_SIGN_STYLE = Automatic;
				DEVELOPMENT_TEAM = 46PM3974Y4;
				INFOPLIST_FILE = TruthOrDare/Info.plist;
				LD_RUNPATH_SEARCH_PATHS = (
					"$(inherited)",
					"@executable_path/Frameworks",
				);
				PRODUCT_BUNDLE_IDENTIFIER = appsbyanthony.TruthOrDare;
				PRODUCT_NAME = "$(TARGET_NAME)";
				SWIFT_VERSION = 5.0;
				TARGETED_DEVICE_FAMILY = "1,2";
			};
			name = Debug;
		};
		92CB218B228507D600C76F05 /* Release */ = {
			isa = XCBuildConfiguration;
			baseConfigurationReference = 648E106A98BC84F17F7D86D0 /* Pods-TruthOrDare.release.xcconfig */;
			buildSettings = {
				ASSETCATALOG_COMPILER_APPICON_NAME = AppIcon;
				CODE_SIGN_STYLE = Automatic;
				DEVELOPMENT_TEAM = 46PM3974Y4;
				INFOPLIST_FILE = TruthOrDare/Info.plist;
				LD_RUNPATH_SEARCH_PATHS = (
					"$(inherited)",
					"@executable_path/Frameworks",
				);
				PRODUCT_BUNDLE_IDENTIFIER = appsbyanthony.TruthOrDare;
				PRODUCT_NAME = "$(TARGET_NAME)";
				SWIFT_VERSION = 5.0;
				TARGETED_DEVICE_FAMILY = "1,2";
			};
			name = Release;
		};
		92CB218D228507D600C76F05 /* Debug */ = {
			isa = XCBuildConfiguration;
			baseConfigurationReference = 16E483CA47A0DCB58ED7D13A /* Pods-TruthOrDareTests.debug.xcconfig */;
			buildSettings = {
				ALWAYS_EMBED_SWIFT_STANDARD_LIBRARIES = YES;
				BUNDLE_LOADER = "$(TEST_HOST)";
				CODE_SIGN_STYLE = Automatic;
				DEVELOPMENT_TEAM = 46PM3974Y4;
				INFOPLIST_FILE = TruthOrDareTests/Info.plist;
				LD_RUNPATH_SEARCH_PATHS = (
					"$(inherited)",
					"@executable_path/Frameworks",
					"@loader_path/Frameworks",
				);
				PRODUCT_BUNDLE_IDENTIFIER = appsbyanthony.TruthOrDareTests;
				PRODUCT_NAME = "$(TARGET_NAME)";
				SWIFT_VERSION = 5.0;
				TARGETED_DEVICE_FAMILY = "1,2";
				TEST_HOST = "$(BUILT_PRODUCTS_DIR)/TruthOrDare.app/TruthOrDare";
			};
			name = Debug;
		};
		92CB218E228507D600C76F05 /* Release */ = {
			isa = XCBuildConfiguration;
			baseConfigurationReference = 311344AA57E58C455970A276 /* Pods-TruthOrDareTests.release.xcconfig */;
			buildSettings = {
				ALWAYS_EMBED_SWIFT_STANDARD_LIBRARIES = YES;
				BUNDLE_LOADER = "$(TEST_HOST)";
				CODE_SIGN_STYLE = Automatic;
				DEVELOPMENT_TEAM = 46PM3974Y4;
				INFOPLIST_FILE = TruthOrDareTests/Info.plist;
				LD_RUNPATH_SEARCH_PATHS = (
					"$(inherited)",
					"@executable_path/Frameworks",
					"@loader_path/Frameworks",
				);
				PRODUCT_BUNDLE_IDENTIFIER = appsbyanthony.TruthOrDareTests;
				PRODUCT_NAME = "$(TARGET_NAME)";
				SWIFT_VERSION = 5.0;
				TARGETED_DEVICE_FAMILY = "1,2";
				TEST_HOST = "$(BUILT_PRODUCTS_DIR)/TruthOrDare.app/TruthOrDare";
			};
			name = Release;
		};
		92CB2190228507D600C76F05 /* Debug */ = {
			isa = XCBuildConfiguration;
			baseConfigurationReference = 7BE5FCD43293F200B393530D /* Pods-TruthOrDareUITests.debug.xcconfig */;
			buildSettings = {
				ALWAYS_EMBED_SWIFT_STANDARD_LIBRARIES = YES;
				CODE_SIGN_STYLE = Automatic;
				DEVELOPMENT_TEAM = 46PM3974Y4;
				INFOPLIST_FILE = TruthOrDareUITests/Info.plist;
				LD_RUNPATH_SEARCH_PATHS = (
					"$(inherited)",
					"@executable_path/Frameworks",
					"@loader_path/Frameworks",
				);
				PRODUCT_BUNDLE_IDENTIFIER = appsbyanthony.TruthOrDareUITests;
				PRODUCT_NAME = "$(TARGET_NAME)";
				SWIFT_VERSION = 5.0;
				TARGETED_DEVICE_FAMILY = "1,2";
				TEST_TARGET_NAME = TruthOrDare;
			};
			name = Debug;
		};
		92CB2191228507D600C76F05 /* Release */ = {
			isa = XCBuildConfiguration;
			baseConfigurationReference = 727454D3E657CEFDA6FB132A /* Pods-TruthOrDareUITests.release.xcconfig */;
			buildSettings = {
				ALWAYS_EMBED_SWIFT_STANDARD_LIBRARIES = YES;
				CODE_SIGN_STYLE = Automatic;
				DEVELOPMENT_TEAM = 46PM3974Y4;
				INFOPLIST_FILE = TruthOrDareUITests/Info.plist;
				LD_RUNPATH_SEARCH_PATHS = (
					"$(inherited)",
					"@executable_path/Frameworks",
					"@loader_path/Frameworks",
				);
				PRODUCT_BUNDLE_IDENTIFIER = appsbyanthony.TruthOrDareUITests;
				PRODUCT_NAME = "$(TARGET_NAME)";
				SWIFT_VERSION = 5.0;
				TARGETED_DEVICE_FAMILY = "1,2";
				TEST_TARGET_NAME = TruthOrDare;
			};
			name = Release;
		};
/* End XCBuildConfiguration section */

/* Begin XCConfigurationList section */
		92CB215C228507C600C76F05 /* Build configuration list for PBXProject "TruthOrDare" */ = {
			isa = XCConfigurationList;
			buildConfigurations = (
				92CB2187228507D600C76F05 /* Debug */,
				92CB2188228507D600C76F05 /* Release */,
			);
			defaultConfigurationIsVisible = 0;
			defaultConfigurationName = Release;
		};
		92CB2189228507D600C76F05 /* Build configuration list for PBXNativeTarget "TruthOrDare" */ = {
			isa = XCConfigurationList;
			buildConfigurations = (
				92CB218A228507D600C76F05 /* Debug */,
				92CB218B228507D600C76F05 /* Release */,
			);
			defaultConfigurationIsVisible = 0;
			defaultConfigurationName = Release;
		};
		92CB218C228507D600C76F05 /* Build configuration list for PBXNativeTarget "TruthOrDareTests" */ = {
			isa = XCConfigurationList;
			buildConfigurations = (
				92CB218D228507D600C76F05 /* Debug */,
				92CB218E228507D600C76F05 /* Release */,
			);
			defaultConfigurationIsVisible = 0;
			defaultConfigurationName = Release;
		};
		92CB218F228507D600C76F05 /* Build configuration list for PBXNativeTarget "TruthOrDareUITests" */ = {
			isa = XCConfigurationList;
			buildConfigurations = (
				92CB2190228507D600C76F05 /* Debug */,
				92CB2191228507D600C76F05 /* Release */,
			);
			defaultConfigurationIsVisible = 0;
			defaultConfigurationName = Release;
		};
/* End XCConfigurationList section */
	};
	rootObject = 92CB2159228507C600C76F05 /* Project object */;
}
